
Microsoft Visual Studio Solution File, Format Version 12.00
# Visual Studio Version 16
VisualStudioVersion = 16.0.30002.166
MinimumVisualStudioVersion = 10.0.40219.1
Project("{FAE04EC0-301F-11D3-BF4B-00C04F79EFBC}") = "InvoiceGen_ASPNET", "InvoiceGen_ASPNET.csproj", "{E9C8BA0D-0B6D-4227-95CC-70DCACE9ED02}"
EndProject
Global
	GlobalSection(SolutionConfigurationPlatforms) = preSolution
		Debug|Any CPU = Debug|Any CPU
		Release|Any CPU = Release|Any CPU
	EndGlobalSection
	GlobalSection(ProjectConfigurationPlatforms) = postSolution
		{E9C8BA0D-0B6D-4227-95CC-70DCACE9ED02}.Debug|Any CPU.ActiveCfg = Debug|Any CPU
		{E9C8BA0D-0B6D-4227-95CC-70DCACE9ED02}.Debug|Any CPU.Build.0 = Debug|Any CPU
		{E9C8BA0D-0B6D-4227-95CC-70DCACE9ED02}.Release|Any CPU.ActiveCfg = Release|Any CPU
		{E9C8BA0D-0B6D-4227-95CC-70DCACE9ED02}.Release|Any CPU.Build.0 = Release|Any CPU
	EndGlobalSection
	GlobalSection(SolutionProperties) = preSolution
		HideSolutionNode = FALSE
	EndGlobalSection
	GlobalSection(ExtensibilityGlobals) = postSolution
		SolutionGuid = {9ED4940A-5D24-4B0A-A773-F37FB2A117AA}
	EndGlobalSection
EndGlobal
